
Microsoft Visual Studio Solution File, Format Version 12.00
# Visual Studio 15
VisualStudioVersion = 15.0.27004.2005
MinimumVisualStudioVersion = 10.0.40219.1
Project("{9A19103F-16F7-4668-BE54-9A1E7A4F7556}") = "ContactListSwagger", "ContactListSwagger\ContactListSwagger.csproj", "{60A63A05-1514-4E31-8BA6-EE27D14E994E}"
EndProject
Project("{FAE04EC0-301F-11D3-BF4B-00C04F79EFBC}") = "UnitTestContactListSwagger", "UnitTestContactListSwagger\UnitTestContactListSwagger.csproj", "{03AF28B6-DF7D-4C4D-A527-C6346D695CD1}"
EndProject
Global
	GlobalSection(SolutionConfigurationPlatforms) = preSolution
		Debug|Any CPU = Debug|Any CPU
		Release|Any CPU = Release|Any CPU
	EndGlobalSection
	GlobalSection(ProjectConfigurationPlatforms) = postSolution
		{60A63A05-1514-4E31-8BA6-EE27D14E994E}.Debug|Any CPU.ActiveCfg = Debug|Any CPU
		{60A63A05-1514-4E31-8BA6-EE27D14E994E}.Debug|Any CPU.Build.0 = Debug|Any CPU
		{60A63A05-1514-4E31-8BA6-EE27D14E994E}.Release|Any CPU.ActiveCfg = Release|Any CPU
		{60A63A05-1514-4E31-8BA6-EE27D14E994E}.Release|Any CPU.Build.0 = Release|Any CPU
		{03AF28B6-DF7D-4C4D-A527-C6346D695CD1}.Debug|Any CPU.ActiveCfg = Debug|Any CPU
		{03AF28B6-DF7D-4C4D-A527-C6346D695CD1}.Debug|Any CPU.Build.0 = Debug|Any CPU
		{03AF28B6-DF7D-4C4D-A527-C6346D695CD1}.Release|Any CPU.ActiveCfg = Release|Any CPU
		{03AF28B6-DF7D-4C4D-A527-C6346D695CD1}.Release|Any CPU.Build.0 = Release|Any CPU
	EndGlobalSection
	GlobalSection(SolutionProperties) = preSolution
		HideSolutionNode = FALSE
	EndGlobalSection
	GlobalSection(ExtensibilityGlobals) = postSolution
		SolutionGuid = {0879968A-3F36-44D5-B910-83EDA9063BB0}
	EndGlobalSection
EndGlobal
